
Microsoft Visual Studio Solution File, Format Version 12.00
# Visual Studio Version 17
VisualStudioVersion = 17.5.002.0
MinimumVisualStudioVersion = 10.0.40219.1
Project("{2150E333-8FDC-42A3-9474-1A3956D46DE8}") = "Lesson1", "Lesson1", "{F7E3E47C-5C8B-4570-8969-240D005E0BEE}"
EndProject
Project("{9A19103F-16F7-4668-BE54-9A1E7A4F7556}") = "Task1", "Lesson1\Task1\Task1.csproj", "{BEB4AD19-91E8-4660-AC4E-C58D84209F2F}"
EndProject
Global
	GlobalSection(SolutionConfigurationPlatforms) = preSolution
		Debug|Any CPU = Debug|Any CPU
		Release|Any CPU = Release|Any CPU
	EndGlobalSection
	GlobalSection(ProjectConfigurationPlatforms) = postSolution
		{BEB4AD19-91E8-4660-AC4E-C58D84209F2F}.Debug|Any CPU.ActiveCfg = Debug|Any CPU
		{BEB4AD19-91E8-4660-AC4E-C58D84209F2F}.Debug|Any CPU.Build.0 = Debug|Any CPU
		{BEB4AD19-91E8-4660-AC4E-C58D84209F2F}.Release|Any CPU.ActiveCfg = Release|Any CPU
		{BEB4AD19-91E8-4660-AC4E-C58D84209F2F}.Release|Any CPU.Build.0 = Release|Any CPU
	EndGlobalSection
	GlobalSection(SolutionProperties) = preSolution
		HideSolutionNode = FALSE
	EndGlobalSection
	GlobalSection(NestedProjects) = preSolution
		{BEB4AD19-91E8-4660-AC4E-C58D84209F2F} = {F7E3E47C-5C8B-4570-8969-240D005E0BEE}
	EndGlobalSection
	GlobalSection(ExtensibilityGlobals) = postSolution
		SolutionGuid = {D3B65207-6C95-4B5F-9FFF-A3A7631F5D40}
	EndGlobalSection
EndGlobal
